PODS:
  - Alamofire (4.8.2)
  - Bolts (1.9.0):
    - Bolts/AppLinks (= 1.9.0)
    - Bolts/Tasks (= 1.9.0)
  - Bolts/AppLinks (1.9.0):
    - Bolts/Tasks
  - Bolts/Tasks (1.9.0)
  - FBSDKCoreKit (4.44.1):
    - Bolts (~> 1.9)
  - FBSDKLoginKit (4.44.1):
    - FBSDKCoreKit
  - FBSDKShareKit (4.44.1):
    - FBSDKCoreKit
  - GoogleSignIn (4.4.0):
    - "GoogleToolboxForMac/NSDictionary+URLArguments (~> 2.1)"
    - "GoogleToolboxForMac/NSString+URLArguments (~> 2.1)"
    - GTMSessionFetcher/Core (~> 1.1)
  - GoogleToolboxForMac/DebugUtils (2.2.0):
    - GoogleToolboxForMac/Defines (= 2.2.0)
  - GoogleToolboxForMac/Defines (2.2.0)
  - "GoogleToolboxForMac/NSDictionary+URLArguments (2.2.0)":
    - GoogleToolboxForMac/DebugUtils (= 2.2.0)
    - GoogleToolboxForMac/Defines (= 2.2.0)
    - "GoogleToolboxForMac/NSString+URLArguments (= 2.2.0)"
  - "GoogleToolboxForMac/NSString+URLArguments (2.2.0)"
  - GTMSessionFetcher/Core (1.2.1)
  - lottie-ios (2.5.3)
  - SwiftyJSON (4.2.0)
  - UICircularProgressRing (6.0.2)

DEPENDENCIES:
  - Alamofire (~> 4.3)
  - FBSDKCoreKit
  - FBSDKLoginKit
  - FBSDKShareKit
  - GoogleSignIn
  - lottie-ios (~> 2.5.2)
  - SwiftyJSON (~> 4.2.0)
  - UICircularProgressRing (~> 6.0.0)

SPEC REPOS:
  https://github.com/cocoapods/specs.git:
    - Alamofire
    - Bolts
    - FBSDKCoreKit
    - FBSDKLoginKit
    - FBSDKShareKit
    - GoogleSignIn
    - GoogleToolboxForMac
    - GTMSessionFetcher
    - lottie-ios
    - SwiftyJSON
    - UICircularProgressRing

SPEC CHECKSUMS:
  Alamofire: ae5c501addb7afdbb13687d7f2f722c78734c2d3
  Bolts: ac6567323eac61e203f6a9763667d0f711be34c8
  FBSDKCoreKit: a823ae35bdb60ebb8d7a7e51abe7c5d87d2bfced
  FBSDKLoginKit: 54ae59987f2a8703021557c90a9aebb9e5c2bef6
  FBSDKShareKit: 526d4cfb713d24855fa23d0dd74e191accd3a720
  GoogleSignIn: 7ff245e1a7b26d379099d3243a562f5747e23d39
  GoogleToolboxForMac: ff31605b7d66400dcec09bed5861689aebadda4d
  GTMSessionFetcher: 32aeca0aa144acea523e1c8e053089dec2cb98ca
  lottie-ios: a50d5c0160425cd4b01b852bb9578963e6d92d31
  SwiftyJSON: c4bcba26dd9ec7a027fc8eade48e2c911f229e96
  UICircularProgressRing: 2ef1293241b83d8020ede21a8fe3b3d859525730

PODFILE CHECKSUM: ea258246da8d37ca967d88674f915e65a5ea7e27

COCOAPODS: 1.6.0
